
Microsoft Visual Studio Solution File, Format Version 12.00
# Visual Studio Version 16
VisualStudioVersion = 16.0.30804.86
MinimumVisualStudioVersion = 10.0.40219.1
Project("{FAE04EC0-301F-11D3-BF4B-00C04F79EFBC}") = "SimlaAdmin", "SimlaAdmin\SimlaAdmin.csproj", "{68B1167D-7C73-4E25-AA8A-AF706BAC5BBC}"
EndProject
Global
	GlobalSection(SolutionConfigurationPlatforms) = preSolution
		Debug|Any CPU = Debug|Any CPU
		Release|Any CPU = Release|Any CPU
	EndGlobalSection
	GlobalSection(ProjectConfigurationPlatforms) = postSolution
		{68B1167D-7C73-4E25-AA8A-AF706BAC5BBC}.Debug|Any CPU.ActiveCfg = Debug|Any CPU
		{68B1167D-7C73-4E25-AA8A-AF706BAC5BBC}.Debug|Any CPU.Build.0 = Debug|Any CPU
		{68B1167D-7C73-4E25-AA8A-AF706BAC5BBC}.Release|Any CPU.ActiveCfg = Release|Any CPU
		{68B1167D-7C73-4E25-AA8A-AF706BAC5BBC}.Release|Any CPU.Build.0 = Release|Any CPU
	EndGlobalSection
	GlobalSection(SolutionProperties) = preSolution
		HideSolutionNode = FALSE
	EndGlobalSection
	GlobalSection(ExtensibilityGlobals) = postSolution
		SolutionGuid = {A6412F9F-166C-4197-98E7-A8E93626325C}
	EndGlobalSection
EndGlobal
